
Microsoft Visual Studio Solution File, Format Version 12.00
# Visual Studio Version 17
VisualStudioVersion = 17.0.32126.317
MinimumVisualStudioVersion = 10.0.40219.1
Project("{2150E333-8FDC-42A3-9474-1A3956D46DE8}") = "src", "src", "{D15583CB-377C-4203-9C7B-8EB794808564}"
EndProject
Project("{2150E333-8FDC-42A3-9474-1A3956D46DE8}") = "WinUi", "WinUi", "{F73844CC-929F-4B09-9F58-A609FE4E246C}"
EndProject
Project("{9A19103F-16F7-4668-BE54-9A1E7A4F7556}") = "Prism.WinUI", "src\WinUi\Prism.WinUI\Prism.WinUI.csproj", "{1338E0D9-63F3-4355-A485-16F9473E2F43}"
EndProject
Project("{2150E333-8FDC-42A3-9474-1A3956D46DE8}") = "Containers", "Containers", "{D8EFEA5F-B5FA-4E83-9F90-1E546A39DD58}"
EndProject
Project("{9A19103F-16F7-4668-BE54-9A1E7A4F7556}") = "Prism.Core", "src\Prism.Core\Prism.Core.csproj", "{741CE0CC-EE1A-4C5C-89DB-7B7ACED325CD}"
EndProject
Project("{D954291E-2A0B-460D-934E-DC6B0785DB48}") = "Prism.DryIoc.Shared", "src\Containers\Prism.DryIoc.Shared\Prism.DryIoc.Shared.shproj", "{6E7EC81D-DA39-4C4F-A898-0148558C34F4}"
EndProject
Project("{9A19103F-16F7-4668-BE54-9A1E7A4F7556}") = "Prism.DryIoc.WinUI", "src\WinUi\Prism.DryIoc.WinUI\Prism.DryIoc.WinUI.csproj", "{767D943A-7F8A-432B-9E23-8211C958A958}"
EndProject
Project("{2150E333-8FDC-42A3-9474-1A3956D46DE8}") = "tests", "tests", "{BE223493-B86B-415E-AC65-3790F49E1A80}"
EndProject
Project("{9A19103F-16F7-4668-BE54-9A1E7A4F7556}") = "Prism.Core.Tests", "tests\Prism.Core.Tests\Prism.Core.Tests.csproj", "{BA54B9E3-7BC7-4D69-8050-32BF08C2F686}"
EndProject
Project("{2150E333-8FDC-42A3-9474-1A3956D46DE8}") = "WinUI", "WinUI", "{5CB78CA1-4F19-4583-8F9C-5A4A019D1581}"
EndProject
Project("{9A19103F-16F7-4668-BE54-9A1E7A4F7556}") = "Prism.WinUI.Tests", "tests\WinUI\Prism.WinUI.Tests\Prism.WinUI.Tests.csproj", "{29328F3B-5B32-44F1-9F27-50136CEB73C7}"
EndProject
Project("{D954291E-2A0B-460D-934E-DC6B0785DB48}") = "Prism.Container.WinUI.Shared", "tests\WinUI\Prism.Container.WinUI.Shared\Prism.Container.WinUI.Shared.shproj", "{E8191B08-C5A6-48E2-878B-47C86C401739}"
EndProject
Project("{9A19103F-16F7-4668-BE54-9A1E7A4F7556}") = "Prism.DryIoc.WinUI.Tests", "tests\WinUI\Prism.DryIoc.WinUI.Tests\Prism.DryIoc.WinUI.Tests.csproj", "{7E07BB7F-329D-4D88-B175-B674B8B40AA4}"
EndProject
Project("{9A19103F-16F7-4668-BE54-9A1E7A4F7556}") = "Prism.IocContainer.WinUI.Tests.Support", "tests\WinUI\Prism.IocContainer.WinUI.Tests.Support\Prism.IocContainer.WinUI.Tests.Support.csproj", "{A26EB36C-E5A1-46D5-AF17-A9FDEABFAD21}"
EndProject
Global
	GlobalSection(SolutionConfigurationPlatforms) = preSolution
		Debug|Any CPU = Debug|Any CPU
		Release|Any CPU = Release|Any CPU
	EndGlobalSection
	GlobalSection(ProjectConfigurationPlatforms) = postSolution
		{1338E0D9-63F3-4355-A485-16F9473E2F43}.Debug|Any CPU.ActiveCfg = Debug|Any CPU
		{1338E0D9-63F3-4355-A485-16F9473E2F43}.Debug|Any CPU.Build.0 = Debug|Any CPU
		{1338E0D9-63F3-4355-A485-16F9473E2F43}.Release|Any CPU.ActiveCfg = Release|Any CPU
		{1338E0D9-63F3-4355-A485-16F9473E2F43}.Release|Any CPU.Build.0 = Release|Any CPU
		{741CE0CC-EE1A-4C5C-89DB-7B7ACED325CD}.Debug|Any CPU.ActiveCfg = Debug|Any CPU
		{741CE0CC-EE1A-4C5C-89DB-7B7ACED325CD}.Debug|Any CPU.Build.0 = Debug|Any CPU
		{741CE0CC-EE1A-4C5C-89DB-7B7ACED325CD}.Release|Any CPU.ActiveCfg = Release|Any CPU
		{741CE0CC-EE1A-4C5C-89DB-7B7ACED325CD}.Release|Any CPU.Build.0 = Release|Any CPU
		{767D943A-7F8A-432B-9E23-8211C958A958}.Debug|Any CPU.ActiveCfg = Debug|Any CPU
		{767D943A-7F8A-432B-9E23-8211C958A958}.Debug|Any CPU.Build.0 = Debug|Any CPU
		{767D943A-7F8A-432B-9E23-8211C958A958}.Release|Any CPU.ActiveCfg = Release|Any CPU
		{767D943A-7F8A-432B-9E23-8211C958A958}.Release|Any CPU.Build.0 = Release|Any CPU
		{BA54B9E3-7BC7-4D69-8050-32BF08C2F686}.Debug|Any CPU.ActiveCfg = Debug|Any CPU
		{BA54B9E3-7BC7-4D69-8050-32BF08C2F686}.Debug|Any CPU.Build.0 = Debug|Any CPU
		{BA54B9E3-7BC7-4D69-8050-32BF08C2F686}.Release|Any CPU.ActiveCfg = Release|Any CPU
		{BA54B9E3-7BC7-4D69-8050-32BF08C2F686}.Release|Any CPU.Build.0 = Release|Any CPU
		{29328F3B-5B32-44F1-9F27-50136CEB73C7}.Debug|Any CPU.ActiveCfg = Debug|Any CPU
		{29328F3B-5B32-44F1-9F27-50136CEB73C7}.Debug|Any CPU.Build.0 = Debug|Any CPU
		{29328F3B-5B32-44F1-9F27-50136CEB73C7}.Release|Any CPU.ActiveCfg = Release|Any CPU
		{29328F3B-5B32-44F1-9F27-50136CEB73C7}.Release|Any CPU.Build.0 = Release|Any CPU
		{7E07BB7F-329D-4D88-B175-B674B8B40AA4}.Debug|Any CPU.ActiveCfg = Debug|Any CPU
		{7E07BB7F-329D-4D88-B175-B674B8B40AA4}.Debug|Any CPU.Build.0 = Debug|Any CPU
		{7E07BB7F-329D-4D88-B175-B674B8B40AA4}.Release|Any CPU.ActiveCfg = Release|Any CPU
		{7E07BB7F-329D-4D88-B175-B674B8B40AA4}.Release|Any CPU.Build.0 = Release|Any CPU
		{A26EB36C-E5A1-46D5-AF17-A9FDEABFAD21}.Debug|Any CPU.ActiveCfg = Debug|Any CPU
		{A26EB36C-E5A1-46D5-AF17-A9FDEABFAD21}.Debug|Any CPU.Build.0 = Debug|Any CPU
		{A26EB36C-E5A1-46D5-AF17-A9FDEABFAD21}.Release|Any CPU.ActiveCfg = Release|Any CPU
		{A26EB36C-E5A1-46D5-AF17-A9FDEABFAD21}.Release|Any CPU.Build.0 = Release|Any CPU
	EndGlobalSection
	GlobalSection(SolutionProperties) = preSolution
		HideSolutionNode = FALSE
	EndGlobalSection
	GlobalSection(NestedProjects) = preSolution
		{F73844CC-929F-4B09-9F58-A609FE4E246C} = {D15583CB-377C-4203-9C7B-8EB794808564}
		{1338E0D9-63F3-4355-A485-16F9473E2F43} = {F73844CC-929F-4B09-9F58-A609FE4E246C}
		{D8EFEA5F-B5FA-4E83-9F90-1E546A39DD58} = {D15583CB-377C-4203-9C7B-8EB794808564}
		{741CE0CC-EE1A-4C5C-89DB-7B7ACED325CD} = {D15583CB-377C-4203-9C7B-8EB794808564}
		{6E7EC81D-DA39-4C4F-A898-0148558C34F4} = {D8EFEA5F-B5FA-4E83-9F90-1E546A39DD58}
		{767D943A-7F8A-432B-9E23-8211C958A958} = {F73844CC-929F-4B09-9F58-A609FE4E246C}
		{BA54B9E3-7BC7-4D69-8050-32BF08C2F686} = {BE223493-B86B-415E-AC65-3790F49E1A80}
		{5CB78CA1-4F19-4583-8F9C-5A4A019D1581} = {BE223493-B86B-415E-AC65-3790F49E1A80}
		{29328F3B-5B32-44F1-9F27-50136CEB73C7} = {5CB78CA1-4F19-4583-8F9C-5A4A019D1581}
		{E8191B08-C5A6-48E2-878B-47C86C401739} = {5CB78CA1-4F19-4583-8F9C-5A4A019D1581}
		{7E07BB7F-329D-4D88-B175-B674B8B40AA4} = {5CB78CA1-4F19-4583-8F9C-5A4A019D1581}
		{A26EB36C-E5A1-46D5-AF17-A9FDEABFAD21} = {5CB78CA1-4F19-4583-8F9C-5A4A019D1581}
	EndGlobalSection
	GlobalSection(ExtensibilityGlobals) = postSolution
		SolutionGuid = {BF540779-5D31-4280-8F83-1A80F285E076}
	EndGlobalSection
	GlobalSection(SharedMSBuildProjectFiles) = preSolution
		src\Containers\Prism.DryIoc.Shared\Prism.DryIoc.Shared.projitems*{6e7ec81d-da39-4c4f-a898-0148558c34f4}*SharedItemsImports = 13
		src\Containers\Prism.DryIoc.Shared\Prism.DryIoc.Shared.projitems*{767d943a-7f8a-432b-9e23-8211c958a958}*SharedItemsImports = 5
		tests\WinUI\Prism.Container.WinUI.Shared\Prism.Container.Wpf.Shared.projitems*{7e07bb7f-329d-4d88-b175-b674b8b40aa4}*SharedItemsImports = 5
		tests\WinUI\Prism.Container.WinUI.Shared\Prism.Container.Wpf.Shared.projitems*{e8191b08-c5a6-48e2-878b-47c86c401739}*SharedItemsImports = 13
	EndGlobalSection
EndGlobal
